// !$*UTF8*$!
{
	archiveVersion = 1;
	classes = {
	};
	objectVersion = 50;
	objects = {

/* Begin PBXBuildFile section */
		819DA34225EC3B2400272C39 /* SearchBarView.swift in Sources */ = {isa = PBXBuildFile; fileRef = 819DA34125EC3B2400272C39 /* SearchBarView.swift */; };
		819DA34325EC3B2400272C39 /* SearchBarView.swift in Sources */ = {isa = PBXBuildFile; fileRef = 819DA34125EC3B2400272C39 /* SearchBarView.swift */; };
		81D3C4E825B8FA7900EEA970 /* SimpleRemindersApp.swift in Sources */ = {isa = PBXBuildFile; fileRef = 81D3C4D525B8FA7800EEA970 /* SimpleRemindersApp.swift */; };
		81D3C4E925B8FA7900EEA970 /* SimpleRemindersApp.swift in Sources */ = {isa = PBXBuildFile; fileRef = 81D3C4D525B8FA7800EEA970 /* SimpleRemindersApp.swift */; };
		81D3C4EA25B8FA7900EEA970 /* ContentView.swift in Sources */ = {isa = PBXBuildFile; fileRef = 81D3C4D625B8FA7800EEA970 /* ContentView.swift */; };
		81D3C4EB25B8FA7900EEA970 /* ContentView.swift in Sources */ = {isa = PBXBuildFile; fileRef = 81D3C4D625B8FA7800EEA970 /* ContentView.swift */; };
		81D3C4EC25B8FA7900EEA970 /* Assets.xcassets in Resources */ = {isa = PBXBuildFile; fileRef = 81D3C4D725B8FA7900EEA970 /* Assets.xcassets */; };
		81D3C4ED25B8FA7900EEA970 /* Assets.xcassets in Resources */ = {isa = PBXBuildFile; fileRef = 81D3C4D725B8FA7900EEA970 /* Assets.xcassets */; };
		81D3C4F925B8FB0D00EEA970 /* Task.swift in Sources */ = {isa = PBXBuildFile; fileRef = 81D3C4F825B8FB0D00EEA970 /* Task.swift */; };
		81D3C4FA25B8FB0D00EEA970 /* Task.swift in Sources */ = {isa = PBXBuildFile; fileRef = 81D3C4F825B8FB0D00EEA970 /* Task.swift */; };
		81D3C4FE25B8FB4400EEA970 /* TaskPriority.swift in Sources */ = {isa = PBXBuildFile; fileRef = 81D3C4FD25B8FB4400EEA970 /* TaskPriority.swift */; };
		81D3C4FF25B8FB4400EEA970 /* TaskPriority.swift in Sources */ = {isa = PBXBuildFile; fileRef = 81D3C4FD25B8FB4400EEA970 /* TaskPriority.swift */; };
		81D3C50325B8FC4600EEA970 /* TaskStore.swift in Sources */ = {isa = PBXBuildFile; fileRef = 81D3C50225B8FC4600EEA970 /* TaskStore.swift */; };
		81D3C50425B8FC4600EEA970 /* TaskStore.swift in Sources */ = {isa = PBXBuildFile; fileRef = 81D3C50225B8FC4600EEA970 /* TaskStore.swift */; };
		81D3C50A25B8FDF300EEA970 /* TaskCell.swift in Sources */ = {isa = PBXBuildFile; fileRef = 81D3C50925B8FDF300EEA970 /* TaskCell.swift */; };
		81D3C50B25B8FDF300EEA970 /* TaskCell.swift in Sources */ = {isa = PBXBuildFile; fileRef = 81D3C50925B8FDF300EEA970 /* TaskCell.swift */; };
		81D3C51525B9079A00EEA970 /* AddTask.swift in Sources */ = {isa = PBXBuildFile; fileRef = 81D3C51425B9079A00EEA970 /* AddTask.swift */; };
		81D3C51625B9079A00EEA970 /* AddTask.swift in Sources */ = {isa = PBXBuildFile; fileRef = 81D3C51425B9079A00EEA970 /* AddTask.swift */; };
/* End PBXBuildFile section */

/* Begin PBXFileReference section */
		819DA34125EC3B2400272C39 /* SearchBarView.swift */ = {isa = PBXFileReference; lastKnownFileType = sourcecode.swift; path = SearchBarView.swift; sourceTree = "<group>"; };
		81D3C4D525B8FA7800EEA970 /* SimpleRemindersApp.swift */ = {isa = PBXFileReference; lastKnownFileType = sourcecode.swift; path = SimpleRemindersApp.swift; sourceTree = "<group>"; };
		81D3C4D625B8FA7800EEA970 /* ContentView.swift */ = {isa = PBXFileReference; lastKnownFileType = sourcecode.swift; path = ContentView.swift; sourceTree = "<group>"; };
		81D3C4D725B8FA7900EEA970 /* Assets.xcassets */ = {isa = PBXFileReference; lastKnownFileType = folder.assetcatalog; path = Assets.xcassets; sourceTree = "<group>"; };
		81D3C4DC25B8FA7900EEA970 /* SimpleReminders.app */ = {isa = PBXFileReference; explicitFileType = wrapper.application; includeInIndex = 0; path = SimpleReminders.app; sourceTree = BUILT_PRODUCTS_DIR; };
		81D3C4DF25B8FA7900EEA970 /* Info.plist */ = {isa = PBXFileReference; lastKnownFileType = text.plist.xml; path = Info.plist; sourceTree = "<group>"; };
		81D3C4E425B8FA7900EEA970 /* SimpleReminders.app */ = {isa = PBXFileReference; explicitFileType = wrapper.application; includeInIndex = 0; path = SimpleReminders.app; sourceTree = BUILT_PRODUCTS_DIR; };
		81D3C4E625B8FA7900EEA970 /* Info.plist */ = {isa = PBXFileReference; lastKnownFileType = text.plist.xml; path = Info.plist; sourceTree = "<group>"; };
		81D3C4E725B8FA7900EEA970 /* macOS.entitlements */ = {isa = PBXFileReference; lastKnownFileType = text.plist.entitlements; path = macOS.entitlements; sourceTree = "<group>"; };
		81D3C4F825B8FB0D00EEA970 /* Task.swift */ = {isa = PBXFileReference; lastKnownFileType = sourcecode.swift; path = Task.swift; sourceTree = "<group>"; };
		81D3C4FD25B8FB4400EEA970 /* TaskPriority.swift */ = {isa = PBXFileReference; lastKnownFileType = sourcecode.swift; path = TaskPriority.swift; sourceTree = "<group>"; };
		81D3C50225B8FC4600EEA970 /* TaskStore.swift */ = {isa = PBXFileReference; lastKnownFileType = sourcecode.swift; path = TaskStore.swift; sourceTree = "<group>"; };
		81D3C50925B8FDF300EEA970 /* TaskCell.swift */ = {isa = PBXFileReference; lastKnownFileType = sourcecode.swift; path = TaskCell.swift; sourceTree = "<group>"; };
		81D3C51425B9079A00EEA970 /* AddTask.swift */ = {isa = PBXFileReference; lastKnownFileType = sourcecode.swift; path = AddTask.swift; sourceTree = "<group>"; };
/* End PBXFileReference section */

/* Begin PBXFrameworksBuildPhase section */
		81D3C4D925B8FA7900EEA970 /* Frameworks */ = {
			isa = PBXFrameworksBuildPhase;
			buildActionMask = 2147483647;
			files = (
			);
			runOnlyForDeploymentPostprocessing = 0;
		};
		81D3C4E125B8FA7900EEA970 /* Frameworks */ = {
			isa = PBXFrameworksBuildPhase;
			buildActionMask = 2147483647;
			files = (
			);
			runOnlyForDeploymentPostprocessing = 0;
		};
/* End PBXFrameworksBuildPhase section */

/* Begin PBXGroup section */
		816F5CAF25BA52C20031B052 /* Model */ = {
			isa = PBXGroup;
			children = (
				81D3C4F825B8FB0D00EEA970 /* Task.swift */,
				81D3C4FD25B8FB4400EEA970 /* TaskPriority.swift */,
				81D3C50225B8FC4600EEA970 /* TaskStore.swift */,
			);
			path = Model;
			sourceTree = "<group>";
		};
		816F5CB025BA52DF0031B052 /* Views */ = {
			isa = PBXGroup;
			children = (
				81D3C51425B9079A00EEA970 /* AddTask.swift */,
				81D3C4D625B8FA7800EEA970 /* ContentView.swift */,
				81D3C50925B8FDF300EEA970 /* TaskCell.swift */,
				819DA34125EC3B2400272C39 /* SearchBarView.swift */,
			);
			path = Views;
			sourceTree = "<group>";
		};
		81D3C4CF25B8FA7800EEA970 = {
			isa = PBXGroup;
			children = (
				81D3C4D425B8FA7800EEA970 /* Shared */,
				81D3C4DE25B8FA7900EEA970 /* iOS */,
				81D3C4E525B8FA7900EEA970 /* macOS */,
				81D3C4DD25B8FA7900EEA970 /* Products */,
			);
			sourceTree = "<group>";
		};
		81D3C4D425B8FA7800EEA970 /* Shared */ = {
			isa = PBXGroup;
			children = (
				81D3C4D525B8FA7800EEA970 /* SimpleRemindersApp.swift */,
				816F5CB025BA52DF0031B052 /* Views */,
				816F5CAF25BA52C20031B052 /* Model */,
				81D3C4D725B8FA7900EEA970 /* Assets.xcassets */,
			);
			path = Shared;
			sourceTree = "<group>";
		};
		81D3C4DD25B8FA7900EEA970 /* Products */ = {
			isa = PBXGroup;
			children = (
				81D3C4DC25B8FA7900EEA970 /* SimpleReminders.app */,
				81D3C4E425B8FA7900EEA970 /* SimpleReminders.app */,
			);
			name = Products;
			sourceTree = "<group>";
		};
		81D3C4DE25B8FA7900EEA970 /* iOS */ = {
			isa = PBXGroup;
			children = (
				81D3C4DF25B8FA7900EEA970 /* Info.plist */,
			);
			path = iOS;
			sourceTree = "<group>";
		};
		81D3C4E525B8FA7900EEA970 /* macOS */ = {
			isa = PBXGroup;
			children = (
				81D3C4E625B8FA7900EEA970 /* Info.plist */,
				81D3C4E725B8FA7900EEA970 /* macOS.entitlements */,
			);
			path = macOS;
			sourceTree = "<group>";
		};
/* End PBXGroup section */

/* Begin PBXNativeTarget section */
		81D3C4DB25B8FA7900EEA970 /* SimpleReminders (iOS) */ = {
			isa = PBXNativeTarget;
			buildConfigurationList = 81D3C4F025B8FA7900EEA970 /* Build configuration list for PBXNativeTarget "SimpleReminders (iOS)" */;
			buildPhases = (
				81D3C4D825B8FA7900EEA970 /* Sources */,
				81D3C4D925B8FA7900EEA970 /* Frameworks */,
				81D3C4DA25B8FA7900EEA970 /* Resources */,
			);
			buildRules = (
			);
			dependencies = (
			);
			name = "SimpleReminders (iOS)";
			productName = "SimpleReminders (iOS)";
			productReference = 81D3C4DC25B8FA7900EEA970 /* SimpleReminders.app */;
			productType = "com.apple.product-type.application";
		};
		81D3C4E325B8FA7900EEA970 /* SimpleReminders (macOS) */ = {
			isa = PBXNativeTarget;
			buildConfigurationList = 81D3C4F325B8FA7900EEA970 /* Build configuration list for PBXNativeTarget "SimpleReminders (macOS)" */;
			buildPhases = (
				81D3C4E025B8FA7900EEA970 /* Sources */,
				81D3C4E125B8FA7900EEA970 /* Frameworks */,
				81D3C4E225B8FA7900EEA970 /* Resources */,
			);
			buildRules = (
			);
			dependencies = (
			);
			name = "SimpleReminders (macOS)";
			productName = "SimpleReminders (macOS)";
			productReference = 81D3C4E425B8FA7900EEA970 /* SimpleReminders.app */;
			productType = "com.apple.product-type.application";
		};
/* End PBXNativeTarget section */

/* Begin PBXProject section */
		81D3C4D025B8FA7800EEA970 /* Project object */ = {
			isa = PBXProject;
			attributes = {
				LastSwiftUpdateCheck = 1220;
				LastUpgradeCheck = 1220;
				TargetAttributes = {
					81D3C4DB25B8FA7900EEA970 = {
						CreatedOnToolsVersion = 12.2;
					};
					81D3C4E325B8FA7900EEA970 = {
						CreatedOnToolsVersion = 12.2;
					};
				};
			};
			buildConfigurationList = 81D3C4D325B8FA7800EEA970 /* Build configuration list for PBXProject "SimpleReminders" */;
			compatibilityVersion = "Xcode 9.3";
			developmentRegion = en;
			hasScannedForEncodings = 0;
			knownRegions = (
				en,
				Base,
			);
			mainGroup = 81D3C4CF25B8FA7800EEA970;
			productRefGroup = 81D3C4DD25B8FA7900EEA970 /* Products */;
			projectDirPath = "";
			projectRoot = "";
			targets = (
				81D3C4DB25B8FA7900EEA970 /* SimpleReminders (iOS) */,
				81D3C4E325B8FA7900EEA970 /* SimpleReminders (macOS) */,
			);
		};
/* End PBXProject section */

/* Begin PBXResourcesBuildPhase section */
		81D3C4DA25B8FA7900EEA970 /* Resources */ = {
			isa = PBXResourcesBuildPhase;
			buildActionMask = 2147483647;
			files = (
				81D3C4EC25B8FA7900EEA970 /* Assets.xcassets in Resources */,
			);
			runOnlyForDeploymentPostprocessing = 0;
		};
		81D3C4E225B8FA7900EEA970 /* Resources */ = {
			isa = PBXResourcesBuildPhase;
			buildActionMask = 2147483647;
			files = (
				81D3C4ED25B8FA7900EEA970 /* Assets.xcassets in Resources */,
			);
			runOnlyForDeploymentPostprocessing = 0;
		};
/* End PBXResourcesBuildPhase section */

/* Begin PBXSourcesBuildPhase section */
		81D3C4D825B8FA7900EEA970 /* Sources */ = {
			isa = PBXSourcesBuildPhase;
			buildActionMask = 2147483647;
			files = (
				81D3C50325B8FC4600EEA970 /* TaskStore.swift in Sources */,
				81D3C51525B9079A00EEA970 /* AddTask.swift in Sources */,
				81D3C50A25B8FDF300EEA970 /* TaskCell.swift in Sources */,
				81D3C4EA25B8FA7900EEA970 /* ContentView.swift in Sources */,
				819DA34325EC3B2400272C39 /* SearchBarView.swift in Sources */,
				81D3C4F925B8FB0D00EEA970 /* Task.swift in Sources */,
				81D3C4FE25B8FB4400EEA970 /* TaskPriority.swift in Sources */,
				81D3C4E825B8FA7900EEA970 /* SimpleRemindersApp.swift in Sources */,
			);
			runOnlyForDeploymentPostprocessing = 0;
		};
		81D3C4E025B8FA7900EEA970 /* Sources */ = {
			isa = PBXSourcesBuildPhase;
			buildActionMask = 2147483647;
			files = (
				81D3C50425B8FC4600EEA970 /* TaskStore.swift in Sources */,
				81D3C51625B9079A00EEA970 /* AddTask.swift in Sources */,
				81D3C50B25B8FDF300EEA970 /* TaskCell.swift in Sources */,
				81D3C4EB25B8FA7900EEA970 /* ContentView.swift in Sources */,
				819DA34225EC3B2400272C39 /* SearchBarView.swift in Sources */,
				81D3C4FA25B8FB0D00EEA970 /* Task.swift in Sources */,
				81D3C4FF25B8FB4400EEA970 /* TaskPriority.swift in Sources */,
				81D3C4E925B8FA7900EEA970 /* SimpleRemindersApp.swift in Sources */,
			);
			runOnlyForDeploymentPostprocessing = 0;
		};
/* End PBXSourcesBuildPhase section */

/* Begin XCBuildConfiguration section */
		81D3C4EE25B8FA7900EEA970 /* Debug */ = {
			isa = XCBuildConfiguration;
			buildSettings = {
				ALWAYS_SEARCH_USER_PATHS = NO;
				CLANG_ANALYZER_NONNULL = YES;
				CLANG_ANALYZER_NUMBER_OBJECT_CONVERSION = YES_AGGRESSIVE;
				CLANG_CXX_LANGUAGE_STANDARD = "gnu++14";
				CLANG_CXX_LIBRARY = "libc++";
				CLANG_ENABLE_MODULES = YES;
				CLANG_ENABLE_OBJC_ARC = YES;
				CLANG_ENABLE_OBJC_WEAK = YES;
				CLANG_WARN_BLOCK_CAPTURE_AUTORELEASING = YES;
				CLANG_WARN_BOOL_CONVERSION = YES;
				CLANG_WARN_COMMA = YES;
				CLANG_WARN_CONSTANT_CONVERSION = YES;
				CLANG_WARN_DEPRECATED_OBJC_IMPLEMENTATIONS = YES;
				CLANG_WARN_DIRECT_OBJC_ISA_USAGE = YES_ERROR;
				CLANG_WARN_DOCUMENTATION_COMMENTS = YES;
				CLANG_WARN_EMPTY_BODY = YES;
				CLANG_WARN_ENUM_CONVERSION = YES;
				CLANG_WARN_INFINITE_RECURSION = YES;
				CLANG_WARN_INT_CONVERSION = YES;
				CLANG_WARN_NON_LITERAL_NULL_CONVERSION = YES;
				CLANG_WARN_OBJC_IMPLICIT_RETAIN_SELF = YES;
				CLANG_WARN_OBJC_LITERAL_CONVERSION = YES;
				CLANG_WARN_OBJC_ROOT_CLASS = YES_ERROR;
				CLANG_WARN_QUOTED_INCLUDE_IN_FRAMEWORK_HEADER = YES;
				CLANG_WARN_RANGE_LOOP_ANALYSIS = YES;
				CLANG_WARN_STRICT_PROTOTYPES = YES;
				CLANG_WARN_SUSPICIOUS_MOVE = YES;
				CLANG_WARN_UNGUARDED_AVAILABILITY = YES_AGGRESSIVE;
				CLANG_WARN_UNREACHABLE_CODE = YES;
				CLANG_WARN__DUPLICATE_METHOD_MATCH = YES;
				COPY_PHASE_STRIP = NO;
				DEBUG_INFORMATION_FORMAT = dwarf;
				ENABLE_STRICT_OBJC_MSGSEND = YES;
				ENABLE_TESTABILITY = YES;
				GCC_C_LANGUAGE_STANDARD = gnu11;
				GCC_DYNAMIC_NO_PIC = NO;
				GCC_NO_COMMON_BLOCKS = YES;
				GCC_OPTIMIZATION_LEVEL = 0;
				GCC_PREPROCESSOR_DEFINITIONS = (
					"DEBUG=1",
					"$(inherited)",
				);
				GCC_WARN_64_TO_32_BIT_CONVERSION = YES;
				GCC_WARN_ABOUT_RETURN_TYPE = YES_ERROR;
				GCC_WARN_UNDECLARED_SELECTOR = YES;
				GCC_WARN_UNINITIALIZED_AUTOS = YES_AGGRESSIVE;
				GCC_WARN_UNUSED_FUNCTION = YES;
				GCC_WARN_UNUSED_VARIABLE = YES;
				MTL_ENABLE_DEBUG_INFO = INCLUDE_SOURCE;
				MTL_FAST_MATH = YES;
				ONLY_ACTIVE_ARCH = YES;
				SWIFT_ACTIVE_COMPILATION_CONDITIONS = DEBUG;
				SWIFT_OPTIMIZATION_LEVEL = "-Onone";
			};
			name = Debug;
		};
		81D3C4EF25B8FA7900EEA970 /* Release */ = {
			isa = XCBuildConfiguration;
			buildSettings = {
				ALWAYS_SEARCH_USER_PATHS = NO;
				CLANG_ANALYZER_NONNULL = YES;
				CLANG_ANALYZER_NUMBER_OBJECT_CONVERSION = YES_AGGRESSIVE;
				CLANG_CXX_LANGUAGE_STANDARD = "gnu++14";
				CLANG_CXX_LIBRARY = "libc++";
				CLANG_ENABLE_MODULES = YES;
				CLANG_ENABLE_OBJC_ARC = YES;
				CLANG_ENABLE_OBJC_WEAK = YES;
				CLANG_WARN_BLOCK_CAPTURE_AUTORELEASING = YES;
				CLANG_WARN_BOOL_CONVERSION = YES;
				CLANG_WARN_COMMA = YES;
				CLANG_WARN_CONSTANT_CONVERSION = YES;
				CLANG_WARN_DEPRECATED_OBJC_IMPLEMENTATIONS = YES;
				CLANG_WARN_DIRECT_OBJC_ISA_USAGE = YES_ERROR;
				CLANG_WARN_DOCUMENTATION_COMMENTS = YES;
				CLANG_WARN_EMPTY_BODY = YES;
				CLANG_WARN_ENUM_CONVERSION = YES;
				CLANG_WARN_INFINITE_RECURSION = YES;
				CLANG_WARN_INT_CONVERSION = YES;
				CLANG_WARN_NON_LITERAL_NULL_CONVERSION = YES;
				CLANG_WARN_OBJC_IMPLICIT_RETAIN_SELF = YES;
				CLANG_WARN_OBJC_LITERAL_CONVERSION = YES;
				CLANG_WARN_OBJC_ROOT_CLASS = YES_ERROR;
				CLANG_WARN_QUOTED_INCLUDE_IN_FRAMEWORK_HEADER = YES;
				CLANG_WARN_RANGE_LOOP_ANALYSIS = YES;
				CLANG_WARN_STRICT_PROTOTYPES = YES;
				CLANG_WARN_SUSPICIOUS_MOVE = YES;
				CLANG_WARN_UNGUARDED_AVAILABILITY = YES_AGGRESSIVE;
				CLANG_WARN_UNREACHABLE_CODE = YES;
				CLANG_WARN__DUPLICATE_METHOD_MATCH = YES;
				COPY_PHASE_STRIP = NO;
				DEBUG_INFORMATION_FORMAT = "dwarf-with-dsym";
				ENABLE_NS_ASSERTIONS = NO;
				ENABLE_STRICT_OBJC_MSGSEND = YES;
				GCC_C_LANGUAGE_STANDARD = gnu11;
				GCC_NO_COMMON_BLOCKS = YES;
				GCC_WARN_64_TO_32_BIT_CONVERSION = YES;
				GCC_WARN_ABOUT_RETURN_TYPE = YES_ERROR;
				GCC_WARN_UNDECLARED_SELECTOR = YES;
				GCC_WARN_UNINITIALIZED_AUTOS = YES_AGGRESSIVE;
				GCC_WARN_UNUSED_FUNCTION = YES;
				GCC_WARN_UNUSED_VARIABLE = YES;
				MTL_ENABLE_DEBUG_INFO = NO;
				MTL_FAST_MATH = YES;
				SWIFT_COMPILATION_MODE = wholemodule;
				SWIFT_OPTIMIZATION_LEVEL = "-O";
			};
			name = Release;
		};
		81D3C4F125B8FA7900EEA970 /* Debug */ = {
			isa = XCBuildConfiguration;
			buildSettings = {
				ASSETCATALOG_COMPILER_APPICON_NAME = AppIcon;
				ASSETCATALOG_COMPILER_GLOBAL_ACCENT_COLOR_NAME = AccentColor;
				CODE_SIGN_STYLE = Automatic;
				DEVELOPMENT_TEAM = U2ZN2W2UQJ;
				ENABLE_PREVIEWS = YES;
				INFOPLIST_FILE = iOS/Info.plist;
				IPHONEOS_DEPLOYMENT_TARGET = 14.0;
				LD_RUNPATH_SEARCH_PATHS = (
					"$(inherited)",
					"@executable_path/Frameworks",
				);
				PRODUCT_BUNDLE_IDENTIFIER = ca.russellgordon.SimpleReminders;
				PRODUCT_NAME = SimpleReminders;
				SDKROOT = iphoneos;
				SWIFT_VERSION = 5.0;
				TARGETED_DEVICE_FAMILY = "1,2";
			};
			name = Debug;
		};
		81D3C4F225B8FA7900EEA970 /* Release */ = {
			isa = XCBuildConfiguration;
			buildSettings = {
				ASSETCATALOG_COMPILER_APPICON_NAME = AppIcon;
				ASSETCATALOG_COMPILER_GLOBAL_ACCENT_COLOR_NAME = AccentColor;
				CODE_SIGN_STYLE = Automatic;
				DEVELOPMENT_TEAM = U2ZN2W2UQJ;
				ENABLE_PREVIEWS = YES;
				INFOPLIST_FILE = iOS/Info.plist;
				IPHONEOS_DEPLOYMENT_TARGET = 14.0;
				LD_RUNPATH_SEARCH_PATHS = (
					"$(inherited)",
					"@executable_path/Frameworks",
				);
				PRODUCT_BUNDLE_IDENTIFIER = ca.russellgordon.SimpleReminders;
				PRODUCT_NAME = SimpleReminders;
				SDKROOT = iphoneos;
				SWIFT_VERSION = 5.0;
				TARGETED_DEVICE_FAMILY = "1,2";
				VALIDATE_PRODUCT = YES;
			};
			name = Release;
		};
		81D3C4F425B8FA7900EEA970 /* Debug */ = {
			isa = XCBuildConfiguration;
			buildSettings = {
				ASSETCATALOG_COMPILER_APPICON_NAME = AppIcon;
				ASSETCATALOG_COMPILER_GLOBAL_ACCENT_COLOR_NAME = AccentColor;
				CODE_SIGN_ENTITLEMENTS = macOS/macOS.entitlements;
				CODE_SIGN_STYLE = Automatic;
				COMBINE_HIDPI_IMAGES = YES;
				DEVELOPMENT_TEAM = U2ZN2W2UQJ;
				ENABLE_HARDENED_RUNTIME = YES;
				ENABLE_PREVIEWS = YES;
				INFOPLIST_FILE = macOS/Info.plist;
				LD_RUNPATH_SEARCH_PATHS = (
					"$(inherited)",
					"@executable_path/../Frameworks",
				);
				MACOSX_DEPLOYMENT_TARGET = 11.0;
				PRODUCT_BUNDLE_IDENTIFIER = ca.russellgordon.SimpleReminders;
				PRODUCT_NAME = SimpleReminders;
				SDKROOT = macosx;
				SWIFT_VERSION = 5.0;
			};
			name = Debug;
		};
		81D3C4F525B8FA7900EEA970 /* Release */ = {
			isa = XCBuildConfiguration;
			buildSettings = {
				ASSETCATALOG_COMPILER_APPICON_NAME = AppIcon;
				ASSETCATALOG_COMPILER_GLOBAL_ACCENT_COLOR_NAME = AccentColor;
				CODE_SIGN_ENTITLEMENTS = macOS/macOS.entitlements;
				CODE_SIGN_STYLE = Automatic;
				COMBINE_HIDPI_IMAGES = YES;
				DEVELOPMENT_TEAM = U2ZN2W2UQJ;
				ENABLE_HARDENED_RUNTIME = YES;
				ENABLE_PREVIEWS = YES;
				INFOPLIST_FILE = macOS/Info.plist;
				LD_RUNPATH_SEARCH_PATHS = (
					"$(inherited)",
					"@executable_path/../Frameworks",
				);
				MACOSX_DEPLOYMENT_TARGET = 11.0;
				PRODUCT_BUNDLE_IDENTIFIER = ca.russellgordon.SimpleReminders;
				PRODUCT_NAME = SimpleReminders;
				SDKROOT = macosx;
				SWIFT_VERSION = 5.0;
			};
			name = Release;
		};
/* End XCBuildConfiguration section */

/* Begin XCConfigurationList section */
		81D3C4D325B8FA7800EEA970 /* Build configuration list for PBXProject "SimpleReminders" */ = {
			isa = XCConfigurationList;
			buildConfigurations = (
				81D3C4EE25B8FA7900EEA970 /* Debug */,
				81D3C4EF25B8FA7900EEA970 /* Release */,
			);
			defaultConfigurationIsVisible = 0;
			defaultConfigurationName = Release;
		};
		81D3C4F025B8FA7900EEA970 /* Build configuration list for PBXNativeTarget "SimpleReminders (iOS)" */ = {
			isa = XCConfigurationList;
			buildConfigurations = (
				81D3C4F125B8FA7900EEA970 /* Debug */,
				81D3C4F225B8FA7900EEA970 /* Release */,
			);
			defaultConfigurationIsVisible = 0;
			defaultConfigurationName = Release;
		};
		81D3C4F325B8FA7900EEA970 /* Build configuration list for PBXNativeTarget "SimpleReminders (macOS)" */ = {
			isa = XCConfigurationList;
			buildConfigurations = (
				81D3C4F425B8FA7900EEA970 /* Debug */,
				81D3C4F525B8FA7900EEA970 /* Release */,
			);
			defaultConfigurationIsVisible = 0;
			defaultConfigurationName = Release;
		};
/* End XCConfigurationList section */
	};
	rootObject = 81D3C4D025B8FA7800EEA970 /* Project object */;
}
